
Microsoft Visual Studio Solution File, Format Version 12.00
# Visual Studio 15
VisualStudioVersion = 15.0.28010.2019
MinimumVisualStudioVersion = 10.0.40219.1
Project("{FAE04EC0-301F-11D3-BF4B-00C04F79EFBC}") = "OtomatikMuhendis.Cnc.Web", "OtomatikMuhendis.Cnc.Web\OtomatikMuhendis.Cnc.Web.csproj", "{3CEE095A-027F-4CFC-87A2-68C928027651}"
EndProject
Global
	GlobalSection(SolutionConfigurationPlatforms) = preSolution
		Debug|Any CPU = Debug|Any CPU
		Release|Any CPU = Release|Any CPU
	EndGlobalSection
	GlobalSection(ProjectConfigurationPlatforms) = postSolution
		{3CEE095A-027F-4CFC-87A2-68C928027651}.Debug|Any CPU.ActiveCfg = Debug|Any CPU
		{3CEE095A-027F-4CFC-87A2-68C928027651}.Debug|Any CPU.Build.0 = Debug|Any CPU
		{3CEE095A-027F-4CFC-87A2-68C928027651}.Release|Any CPU.ActiveCfg = Release|Any CPU
		{3CEE095A-027F-4CFC-87A2-68C928027651}.Release|Any CPU.Build.0 = Release|Any CPU
	EndGlobalSection
	GlobalSection(SolutionProperties) = preSolution
		HideSolutionNode = FALSE
	EndGlobalSection
	GlobalSection(ExtensibilityGlobals) = postSolution
		SolutionGuid = {DDEFA2CF-A1D0-4C31-B9B9-A5DFFFEF3A82}
	EndGlobalSection
EndGlobal
